
Microsoft Visual Studio Solution File, Format Version 12.00
# Visual Studio Version 17
VisualStudioVersion = 17.0.31903.59
MinimumVisualStudioVersion = 10.0.40219.1
Project("{2150E333-8FDC-42A3-9474-1A3956D46DE8}") = "src", "src", "{DF228ED5-04D5-47EE-B5BD-DC58265E2ABE}"
EndProject
Project("{FAE04EC0-301F-11D3-BF4B-00C04F79EFBC}") = "SimuladorClinico.Api", "src\SimuladorClinico.Api\SimuladorClinico.Api.csproj", "{29CED5D0-098C-4883-92DC-A2668B192B72}"
EndProject
Project("{FAE04EC0-301F-11D3-BF4B-00C04F79EFBC}") = "SimuladorClinico.Application", "src\SimuladorClinico.Application\SimuladorClinico.Application.csproj", "{E37E5A2F-889D-464B-AD6B-9C3344229D30}"
EndProject
Project("{FAE04EC0-301F-11D3-BF4B-00C04F79EFBC}") = "SimuladorClinico.Domain", "src\SimuladorClinico.Domain\SimuladorClinico.Domain.csproj", "{AE6EFBF2-064B-4B54-B320-E5104244D310}"
EndProject
Project("{FAE04EC0-301F-11D3-BF4B-00C04F79EFBC}") = "SimuladorClinico.Infrastructure", "src\SimuladorClinico.Infrastructure\SimuladorClinico.Infrastructure.csproj", "{A0B35C3B-C362-4C76-8D94-2CF198B5C909}"
EndProject
Global
	GlobalSection(SolutionConfigurationPlatforms) = preSolution
		Debug|Any CPU = Debug|Any CPU
		Release|Any CPU = Release|Any CPU
	EndGlobalSection
	GlobalSection(SolutionProperties) = preSolution
		HideSolutionNode = FALSE
	EndGlobalSection
	GlobalSection(ProjectConfigurationPlatforms) = postSolution
		{29CED5D0-098C-4883-92DC-A2668B192B72}.Debug|Any CPU.ActiveCfg = Debug|Any CPU
		{29CED5D0-098C-4883-92DC-A2668B192B72}.Debug|Any CPU.Build.0 = Debug|Any CPU
		{29CED5D0-098C-4883-92DC-A2668B192B72}.Release|Any CPU.ActiveCfg = Release|Any CPU
		{29CED5D0-098C-4883-92DC-A2668B192B72}.Release|Any CPU.Build.0 = Release|Any CPU
		{E37E5A2F-889D-464B-AD6B-9C3344229D30}.Debug|Any CPU.ActiveCfg = Debug|Any CPU
		{E37E5A2F-889D-464B-AD6B-9C3344229D30}.Debug|Any CPU.Build.0 = Debug|Any CPU
		{E37E5A2F-889D-464B-AD6B-9C3344229D30}.Release|Any CPU.ActiveCfg = Release|Any CPU
		{E37E5A2F-889D-464B-AD6B-9C3344229D30}.Release|Any CPU.Build.0 = Release|Any CPU
		{AE6EFBF2-064B-4B54-B320-E5104244D310}.Debug|Any CPU.ActiveCfg = Debug|Any CPU
		{AE6EFBF2-064B-4B54-B320-E5104244D310}.Debug|Any CPU.Build.0 = Debug|Any CPU
		{AE6EFBF2-064B-4B54-B320-E5104244D310}.Release|Any CPU.ActiveCfg = Release|Any CPU
		{AE6EFBF2-064B-4B54-B320-E5104244D310}.Release|Any CPU.Build.0 = Release|Any CPU
		{A0B35C3B-C362-4C76-8D94-2CF198B5C909}.Debug|Any CPU.ActiveCfg = Debug|Any CPU
		{A0B35C3B-C362-4C76-8D94-2CF198B5C909}.Debug|Any CPU.Build.0 = Debug|Any CPU
		{A0B35C3B-C362-4C76-8D94-2CF198B5C909}.Release|Any CPU.ActiveCfg = Release|Any CPU
		{A0B35C3B-C362-4C76-8D94-2CF198B5C909}.Release|Any CPU.Build.0 = Release|Any CPU
	EndGlobalSection
	GlobalSection(NestedProjects) = preSolution
		{29CED5D0-098C-4883-92DC-A2668B192B72} = {DF228ED5-04D5-47EE-B5BD-DC58265E2ABE}
		{E37E5A2F-889D-464B-AD6B-9C3344229D30} = {DF228ED5-04D5-47EE-B5BD-DC58265E2ABE}
		{AE6EFBF2-064B-4B54-B320-E5104244D310} = {DF228ED5-04D5-47EE-B5BD-DC58265E2ABE}
		{A0B35C3B-C362-4C76-8D94-2CF198B5C909} = {DF228ED5-04D5-47EE-B5BD-DC58265E2ABE}
	EndGlobalSection
EndGlobal
